
Microsoft Visual Studio Solution File, Format Version 12.00
Project("{FAE04EC0-301F-11D3-BF4B-00C04F79EFBC}") = "SimpleResult", "SimpleResult\SimpleResult.csproj", "{4C6E9793-10F3-4B56-9FC2-B2BB907E4B7A}"
EndProject
Project("{FAE04EC0-301F-11D3-BF4B-00C04F79EFBC}") = "SimpleResult.Core", "SimpleResult.Core\SimpleResult.Core.csproj", "{26605312-5801-4327-ACA0-C196A35900F5}"
EndProject
Project("{2150E333-8FDC-42A3-9474-1A3956D46DE8}") = "src", "src", "{564BD07D-B739-4A50-9BFC-C10F1A1C6B31}"
EndProject
Project("{2150E333-8FDC-42A3-9474-1A3956D46DE8}") = "tests", "tests", "{48ABD3F5-C59C-428B-8F6C-F6756B5D0238}"
EndProject
Project("{FAE04EC0-301F-11D3-BF4B-00C04F79EFBC}") = "SimpleResult.Tests", "SimpleResult.Tests\SimpleResult.Tests.csproj", "{A0EEAF8B-BDBA-43EC-81ED-C9AE62EF2C1B}"
EndProject
Project("{FAE04EC0-301F-11D3-BF4B-00C04F79EFBC}") = "SimpleResult.Async", "SimpleResult.Async\SimpleResult.Async.csproj", "{D2F9CE12-AA43-4ABA-95EC-73068D48627F}"
EndProject
Project("{FAE04EC0-301F-11D3-BF4B-00C04F79EFBC}") = "SimpleResult.Async.Tests", "SimpleResult.Async.Tests\SimpleResult.Async.Tests.csproj", "{CA350183-39DB-49DD-9C89-62FF52C6DBA9}"
EndProject
Global
	GlobalSection(SolutionConfigurationPlatforms) = preSolution
		Debug|Any CPU = Debug|Any CPU
		Release|Any CPU = Release|Any CPU
	EndGlobalSection
	GlobalSection(ProjectConfigurationPlatforms) = postSolution
		{4C6E9793-10F3-4B56-9FC2-B2BB907E4B7A}.Debug|Any CPU.ActiveCfg = Debug|Any CPU
		{4C6E9793-10F3-4B56-9FC2-B2BB907E4B7A}.Debug|Any CPU.Build.0 = Debug|Any CPU
		{4C6E9793-10F3-4B56-9FC2-B2BB907E4B7A}.Release|Any CPU.ActiveCfg = Release|Any CPU
		{4C6E9793-10F3-4B56-9FC2-B2BB907E4B7A}.Release|Any CPU.Build.0 = Release|Any CPU
		{26605312-5801-4327-ACA0-C196A35900F5}.Debug|Any CPU.ActiveCfg = Debug|Any CPU
		{26605312-5801-4327-ACA0-C196A35900F5}.Debug|Any CPU.Build.0 = Debug|Any CPU
		{26605312-5801-4327-ACA0-C196A35900F5}.Release|Any CPU.ActiveCfg = Release|Any CPU
		{26605312-5801-4327-ACA0-C196A35900F5}.Release|Any CPU.Build.0 = Release|Any CPU
		{A0EEAF8B-BDBA-43EC-81ED-C9AE62EF2C1B}.Debug|Any CPU.ActiveCfg = Debug|Any CPU
		{A0EEAF8B-BDBA-43EC-81ED-C9AE62EF2C1B}.Debug|Any CPU.Build.0 = Debug|Any CPU
		{A0EEAF8B-BDBA-43EC-81ED-C9AE62EF2C1B}.Release|Any CPU.ActiveCfg = Release|Any CPU
		{A0EEAF8B-BDBA-43EC-81ED-C9AE62EF2C1B}.Release|Any CPU.Build.0 = Release|Any CPU
		{D2F9CE12-AA43-4ABA-95EC-73068D48627F}.Debug|Any CPU.ActiveCfg = Debug|Any CPU
		{D2F9CE12-AA43-4ABA-95EC-73068D48627F}.Debug|Any CPU.Build.0 = Debug|Any CPU
		{D2F9CE12-AA43-4ABA-95EC-73068D48627F}.Release|Any CPU.ActiveCfg = Release|Any CPU
		{D2F9CE12-AA43-4ABA-95EC-73068D48627F}.Release|Any CPU.Build.0 = Release|Any CPU
		{CA350183-39DB-49DD-9C89-62FF52C6DBA9}.Debug|Any CPU.ActiveCfg = Debug|Any CPU
		{CA350183-39DB-49DD-9C89-62FF52C6DBA9}.Debug|Any CPU.Build.0 = Debug|Any CPU
		{CA350183-39DB-49DD-9C89-62FF52C6DBA9}.Release|Any CPU.ActiveCfg = Release|Any CPU
		{CA350183-39DB-49DD-9C89-62FF52C6DBA9}.Release|Any CPU.Build.0 = Release|Any CPU
	EndGlobalSection
	GlobalSection(NestedProjects) = preSolution
		{4C6E9793-10F3-4B56-9FC2-B2BB907E4B7A} = {564BD07D-B739-4A50-9BFC-C10F1A1C6B31}
		{26605312-5801-4327-ACA0-C196A35900F5} = {564BD07D-B739-4A50-9BFC-C10F1A1C6B31}
		{A0EEAF8B-BDBA-43EC-81ED-C9AE62EF2C1B} = {48ABD3F5-C59C-428B-8F6C-F6756B5D0238}
		{D2F9CE12-AA43-4ABA-95EC-73068D48627F} = {564BD07D-B739-4A50-9BFC-C10F1A1C6B31}
		{CA350183-39DB-49DD-9C89-62FF52C6DBA9} = {48ABD3F5-C59C-428B-8F6C-F6756B5D0238}
	EndGlobalSection
EndGlobal
